
Microsoft Visual Studio Solution File, Format Version 12.00
# Visual Studio 15
VisualStudioVersion = 15.0.27703.2047
MinimumVisualStudioVersion = 10.0.40219.1
Project("{FAE04EC0-301F-11D3-BF4B-00C04F79EFBC}") = "WakeOnLan", "WakeOnLan\WakeOnLan.csproj", "{480B6A26-FB92-4E24-A5C3-50D6F84003D8}"
EndProject
Global
	GlobalSection(SolutionConfigurationPlatforms) = preSolution
		Debug|Any CPU = Debug|Any CPU
		Release|Any CPU = Release|Any CPU
	EndGlobalSection
	GlobalSection(ProjectConfigurationPlatforms) = postSolution
		{480B6A26-FB92-4E24-A5C3-50D6F84003D8}.Debug|Any CPU.ActiveCfg = Debug|Any CPU
		{480B6A26-FB92-4E24-A5C3-50D6F84003D8}.Debug|Any CPU.Build.0 = Debug|Any CPU
		{480B6A26-FB92-4E24-A5C3-50D6F84003D8}.Release|Any CPU.ActiveCfg = Release|Any CPU
		{480B6A26-FB92-4E24-A5C3-50D6F84003D8}.Release|Any CPU.Build.0 = Release|Any CPU
	EndGlobalSection
	GlobalSection(SolutionProperties) = preSolution
		HideSolutionNode = FALSE
	EndGlobalSection
	GlobalSection(ExtensibilityGlobals) = postSolution
		SolutionGuid = {CE0ADE68-9C8F-4EC1-AC22-327618172B64}
	EndGlobalSection
EndGlobal
